
Microsoft Visual Studio Solution File, Format Version 12.00
# Visual Studio 14
VisualStudioVersion = 14.0.25123.0
MinimumVisualStudioVersion = 10.0.40219.1
Project("{FAE04EC0-301F-11D3-BF4B-00C04F79EFBC}") = "Comp2007-week9-lesson9c", "Comp2007-week9-lesson9c\Comp2007-week9-lesson9c.csproj", "{7E5F7DC3-1198-4C5A-895C-170C3E7B8368}"
EndProject
Project("{FAE04EC0-301F-11D3-BF4B-00C04F79EFBC}") = "Comp2007-week9-lesson9c.Tests", "Comp2007-week9-lesson9c.Tests\Comp2007-week9-lesson9c.Tests.csproj", "{15E8B3E7-DB75-4F7E-A885-43671E17B672}"
EndProject
Global
	GlobalSection(SolutionConfigurationPlatforms) = preSolution
		Debug|Any CPU = Debug|Any CPU
		Release|Any CPU = Release|Any CPU
	EndGlobalSection
	GlobalSection(ProjectConfigurationPlatforms) = postSolution
		{7E5F7DC3-1198-4C5A-895C-170C3E7B8368}.Debug|Any CPU.ActiveCfg = Debug|Any CPU
		{7E5F7DC3-1198-4C5A-895C-170C3E7B8368}.Debug|Any CPU.Build.0 = Debug|Any CPU
		{7E5F7DC3-1198-4C5A-895C-170C3E7B8368}.Release|Any CPU.ActiveCfg = Release|Any CPU
		{7E5F7DC3-1198-4C5A-895C-170C3E7B8368}.Release|Any CPU.Build.0 = Release|Any CPU
		{15E8B3E7-DB75-4F7E-A885-43671E17B672}.Debug|Any CPU.ActiveCfg = Debug|Any CPU
		{15E8B3E7-DB75-4F7E-A885-43671E17B672}.Debug|Any CPU.Build.0 = Debug|Any CPU
		{15E8B3E7-DB75-4F7E-A885-43671E17B672}.Release|Any CPU.ActiveCfg = Release|Any CPU
		{15E8B3E7-DB75-4F7E-A885-43671E17B672}.Release|Any CPU.Build.0 = Release|Any CPU
	EndGlobalSection
	GlobalSection(SolutionProperties) = preSolution
		HideSolutionNode = FALSE
	EndGlobalSection
EndGlobal
